
Microsoft Visual Studio Solution File, Format Version 12.00
# Visual Studio Version 16
VisualStudioVersion = 16.0.28803.202
MinimumVisualStudioVersion = 10.0.40219.1
Project("{FAE04EC0-301F-11D3-BF4B-00C04F79EFBC}") = "MagazineApps", "MagazineApps\MagazineApps.csproj", "{C34EA008-BFE4-4E53-AA03-6662C60358AD}"
EndProject
Global
	GlobalSection(SolutionConfigurationPlatforms) = preSolution
		Debug|Any CPU = Debug|Any CPU
		Release|Any CPU = Release|Any CPU
	EndGlobalSection
	GlobalSection(ProjectConfigurationPlatforms) = postSolution
		{C34EA008-BFE4-4E53-AA03-6662C60358AD}.Debug|Any CPU.ActiveCfg = Debug|Any CPU
		{C34EA008-BFE4-4E53-AA03-6662C60358AD}.Debug|Any CPU.Build.0 = Debug|Any CPU
		{C34EA008-BFE4-4E53-AA03-6662C60358AD}.Release|Any CPU.ActiveCfg = Release|Any CPU
		{C34EA008-BFE4-4E53-AA03-6662C60358AD}.Release|Any CPU.Build.0 = Release|Any CPU
	EndGlobalSection
	GlobalSection(SolutionProperties) = preSolution
		HideSolutionNode = FALSE
	EndGlobalSection
	GlobalSection(ExtensibilityGlobals) = postSolution
		SolutionGuid = {3FF7B3D5-C92A-49ED-A1DC-DD9864605EAD}
	EndGlobalSection
EndGlobal
